
Microsoft Visual Studio Solution File, Format Version 12.00
# Visual Studio 15
VisualStudioVersion = 15.0.27130.2010
MinimumVisualStudioVersion = 10.0.40219.1
Project("{FAE04EC0-301F-11D3-BF4B-00C04F79EFBC}") = "virtual_receptionist", "virtual_receptionist.csproj", "{C36EBE0F-791C-4574-9170-E1088411CD33}"
EndProject
Project("{FAE04EC0-301F-11D3-BF4B-00C04F79EFBC}") = "virtual_receptionistTests1", "..\virtual_receptionistTests1\virtual_receptionistTests1.csproj", "{FEBBD7D0-1C3D-4491-AF90-22E2279D50F2}"
EndProject
Project("{FAE04EC0-301F-11D3-BF4B-00C04F79EFBC}") = "MySqlORM", "MySqlORM\MySqlORM.csproj", "{FAAEC312-E627-4617-8F2D-2D60FE5779C1}"
EndProject
Global
	GlobalSection(SolutionConfigurationPlatforms) = preSolution
		Debug|Any CPU = Debug|Any CPU
		Release|Any CPU = Release|Any CPU
	EndGlobalSection
	GlobalSection(ProjectConfigurationPlatforms) = postSolution
		{C36EBE0F-791C-4574-9170-E1088411CD33}.Debug|Any CPU.ActiveCfg = Debug|Any CPU
		{C36EBE0F-791C-4574-9170-E1088411CD33}.Debug|Any CPU.Build.0 = Debug|Any CPU
		{C36EBE0F-791C-4574-9170-E1088411CD33}.Release|Any CPU.ActiveCfg = Release|Any CPU
		{C36EBE0F-791C-4574-9170-E1088411CD33}.Release|Any CPU.Build.0 = Release|Any CPU
		{FEBBD7D0-1C3D-4491-AF90-22E2279D50F2}.Debug|Any CPU.ActiveCfg = Debug|Any CPU
		{FEBBD7D0-1C3D-4491-AF90-22E2279D50F2}.Debug|Any CPU.Build.0 = Debug|Any CPU
		{FEBBD7D0-1C3D-4491-AF90-22E2279D50F2}.Release|Any CPU.ActiveCfg = Release|Any CPU
		{FEBBD7D0-1C3D-4491-AF90-22E2279D50F2}.Release|Any CPU.Build.0 = Release|Any CPU
		{FAAEC312-E627-4617-8F2D-2D60FE5779C1}.Debug|Any CPU.ActiveCfg = Debug|Any CPU
		{FAAEC312-E627-4617-8F2D-2D60FE5779C1}.Debug|Any CPU.Build.0 = Debug|Any CPU
		{FAAEC312-E627-4617-8F2D-2D60FE5779C1}.Release|Any CPU.ActiveCfg = Release|Any CPU
		{FAAEC312-E627-4617-8F2D-2D60FE5779C1}.Release|Any CPU.Build.0 = Release|Any CPU
	EndGlobalSection
	GlobalSection(SolutionProperties) = preSolution
		HideSolutionNode = FALSE
	EndGlobalSection
	GlobalSection(ExtensibilityGlobals) = postSolution
		SolutionGuid = {E2DC5359-6131-4DD6-875B-B463201B14D7}
	EndGlobalSection
EndGlobal
